
Microsoft Visual Studio Solution File, Format Version 12.00
# Visual Studio Version 17
VisualStudioVersion = 17.13.35931.197
MinimumVisualStudioVersion = 10.0.40219.1
Project("{FAE04EC0-301F-11D3-BF4B-00C04F79EFBC}") = "CMSProj", "CMSProj\CMSProj.csproj", "{FA3EF786-AC5A-4B51-9B6E-8925C3E26CA1}"
EndProject
Project("{FAE04EC0-301F-11D3-BF4B-00C04F79EFBC}") = "ContentDatabase", "ContentDatabase\ContentDatabase.csproj", "{662E78B3-C72C-42C1-A345-90477D3059CF}"
EndProject
Global
	GlobalSection(SolutionConfigurationPlatforms) = preSolution
		Debug|Any CPU = Debug|Any CPU
		Release|Any CPU = Release|Any CPU
	EndGlobalSection
	GlobalSection(ProjectConfigurationPlatforms) = postSolution
		{FA3EF786-AC5A-4B51-9B6E-8925C3E26CA1}.Debug|Any CPU.ActiveCfg = Debug|Any CPU
		{FA3EF786-AC5A-4B51-9B6E-8925C3E26CA1}.Debug|Any CPU.Build.0 = Debug|Any CPU
		{FA3EF786-AC5A-4B51-9B6E-8925C3E26CA1}.Release|Any CPU.ActiveCfg = Release|Any CPU
		{FA3EF786-AC5A-4B51-9B6E-8925C3E26CA1}.Release|Any CPU.Build.0 = Release|Any CPU
		{662E78B3-C72C-42C1-A345-90477D3059CF}.Debug|Any CPU.ActiveCfg = Debug|Any CPU
		{662E78B3-C72C-42C1-A345-90477D3059CF}.Debug|Any CPU.Build.0 = Debug|Any CPU
		{662E78B3-C72C-42C1-A345-90477D3059CF}.Release|Any CPU.ActiveCfg = Release|Any CPU
		{662E78B3-C72C-42C1-A345-90477D3059CF}.Release|Any CPU.Build.0 = Release|Any CPU
	EndGlobalSection
	GlobalSection(SolutionProperties) = preSolution
		HideSolutionNode = FALSE
	EndGlobalSection
	GlobalSection(ExtensibilityGlobals) = postSolution
		SolutionGuid = {574F23BF-7CC3-4518-A2CE-61BD7011925F}
	EndGlobalSection
EndGlobal
